
Microsoft Visual Studio Solution File, Format Version 12.00
# Visual Studio Version 17
VisualStudioVersion = 17.9.34607.119
MinimumVisualStudioVersion = 10.0.40219.1
Project("{FAE04EC0-301F-11D3-BF4B-00C04F79EFBC}") = "Workaround", "Workaround\Workaround.csproj", "{C47CAAF9-C607-4806-9930-2FF917ED311A}"
EndProject
Project("{FAE04EC0-301F-11D3-BF4B-00C04F79EFBC}") = "Entities", "Entities\Entities.csproj", "{34C2130A-D4AA-42F9-A4D5-00D59676CC6A}"
EndProject
Project("{FAE04EC0-301F-11D3-BF4B-00C04F79EFBC}") = "Business", "Business\Business.csproj", "{F8CFC827-C418-4FC2-98F9-51A756870C4D}"
EndProject
Global
	GlobalSection(SolutionConfigurationPlatforms) = preSolution
		Debug|Any CPU = Debug|Any CPU
		Release|Any CPU = Release|Any CPU
	EndGlobalSection
	GlobalSection(ProjectConfigurationPlatforms) = postSolution
		{C47CAAF9-C607-4806-9930-2FF917ED311A}.Debug|Any CPU.ActiveCfg = Debug|Any CPU
		{C47CAAF9-C607-4806-9930-2FF917ED311A}.Debug|Any CPU.Build.0 = Debug|Any CPU
		{C47CAAF9-C607-4806-9930-2FF917ED311A}.Release|Any CPU.ActiveCfg = Release|Any CPU
		{C47CAAF9-C607-4806-9930-2FF917ED311A}.Release|Any CPU.Build.0 = Release|Any CPU
		{34C2130A-D4AA-42F9-A4D5-00D59676CC6A}.Debug|Any CPU.ActiveCfg = Debug|Any CPU
		{34C2130A-D4AA-42F9-A4D5-00D59676CC6A}.Debug|Any CPU.Build.0 = Debug|Any CPU
		{34C2130A-D4AA-42F9-A4D5-00D59676CC6A}.Release|Any CPU.ActiveCfg = Release|Any CPU
		{34C2130A-D4AA-42F9-A4D5-00D59676CC6A}.Release|Any CPU.Build.0 = Release|Any CPU
		{F8CFC827-C418-4FC2-98F9-51A756870C4D}.Debug|Any CPU.ActiveCfg = Debug|Any CPU
		{F8CFC827-C418-4FC2-98F9-51A756870C4D}.Debug|Any CPU.Build.0 = Debug|Any CPU
		{F8CFC827-C418-4FC2-98F9-51A756870C4D}.Release|Any CPU.ActiveCfg = Release|Any CPU
		{F8CFC827-C418-4FC2-98F9-51A756870C4D}.Release|Any CPU.Build.0 = Release|Any CPU
	EndGlobalSection
	GlobalSection(SolutionProperties) = preSolution
		HideSolutionNode = FALSE
	EndGlobalSection
	GlobalSection(ExtensibilityGlobals) = postSolution
		SolutionGuid = {BD47F771-EEF2-4E9F-B3F1-D5B828C8E91B}
	EndGlobalSection
EndGlobal
